Microsoft Visual Studio Solution File, Format Version 12.00
# Visual Studio Version 17
VisualStudioVersion = 17.0.31903.59
MinimumVisualStudioVersion = 10.0.40219.1

Project("{2150E333-8FDC-42A3-9474-1A3956D46DE8}") = "src", "src", "{8BC9CEB8-8B4A-11D0-8D11-00A0C91BC942}"
EndProject

Project("{2150E333-8FDC-42A3-9474-1A3956D46DE8}") = "tests", "tests", "{8BC9CEB9-8B4A-11D0-8D11-00A0C91BC942}"
EndProject

Project("{FAE04EC0-301F-11D3-BF4B-00C04F79EFBC}") = "CMC.Domain", "src\CMC.Domain\CMC.Domain.csproj", "{8BC9CEB1-8B4A-11D0-8D11-00A0C91BC942}"
EndProject

Project("{FAE04EC0-301F-11D3-BF4B-00C04F79EFBC}") = "CMC.Application", "src\CMC.Application\CMC.Application.csproj", "{8BC9CEB2-8B4A-11D0-8D11-00A0C91BC942}"
EndProject

Project("{FAE04EC0-301F-11D3-BF4B-00C04F79EFBC}") = "CMC.Infrastructure", "src\CMC.Infrastructure\CMC.Infrastructure.csproj", "{8BC9CEB3-8B4A-11D0-8D11-00A0C91BC942}"
EndProject

Project("{FAE04EC0-301F-11D3-BF4B-00C04F79EFBC}") = "CMC.Web", "src\CMC.Web\CMC.Web.csproj", "{8BC9CEB4-8B4A-11D0-8D11-00A0C91BC942}"
EndProject

Project("{FAE04EC0-301F-11D3-BF4B-00C04F79EFBC}") = "CMC.Contracts", "src\CMC.Contracts\CMC.Contracts.csproj", "{8BC9CEB5-8B4A-11D0-8D11-00A0C91BC942}"
EndProject

Project("{FAE04EC0-301F-11D3-BF4B-00C04F79EFBC}") = "CMC.UnitTests", "tests\CMC.UnitTests\CMC.UnitTests.csproj", "{8BC9CEB6-8B4A-11D0-8D11-00A0C91BC942}"
EndProject

Project("{FAE04EC0-301F-11D3-BF4B-00C04F79EFBC}") = "CMC.IntegrationTests", "tests\CMC.IntegrationTests\CMC.IntegrationTests.csproj", "{8BC9CEB7-8B4A-11D0-8D11-00A0C91BC942}"
EndProject

Global
	GlobalSection(SolutionConfigurationPlatforms) = preSolution
		Debug|Any CPU = Debug|Any CPU
		Release|Any CPU = Release|Any CPU
	EndGlobalSection

	GlobalSection(ProjectConfigurationPlatforms) = postSolution
		{8BC9CEB1-8B4A-11D0-8D11-00A0C91BC942}.Debug|Any CPU.ActiveCfg = Debug|Any CPU
		{8BC9CEB1-8B4A-11D0-8D11-00A0C91BC942}.Debug|Any CPU.Build.0 = Debug|Any CPU
		{8BC9CEB1-8B4A-11D0-8D11-00A0C91BC942}.Release|Any CPU.ActiveCfg = Release|Any CPU
		{8BC9CEB1-8B4A-11D0-8D11-00A0C91BC942}.Release|Any CPU.Build.0 = Release|Any CPU

		{8BC9CEB2-8B4A-11D0-8D11-00A0C91BC942}.Debug|Any CPU.ActiveCfg = Debug|Any CPU
		{8BC9CEB2-8B4A-11D0-8D11-00A0C91BC942}.Debug|Any CPU.Build.0 = Debug|Any CPU
		{8BC9CEB2-8B4A-11D0-8D11-00A0C91BC942}.Release|Any CPU.ActiveCfg = Release|Any CPU
		{8BC9CEB2-8B4A-11D0-8D11-00A0C91BC942}.Release|Any CPU.Build.0 = Release|Any CPU

		{8BC9CEB3-8B4A-11D0-8D11-00A0C91BC942}.Debug|Any CPU.ActiveCfg = Debug|Any CPU
		{8BC9CEB3-8B4A-11D0-8D11-00A0C91BC942}.Debug|Any CPU.Build.0 = Debug|Any CPU
		{8BC9CEB3-8B4A-11D0-8D11-00A0C91BC942}.Release|Any CPU.ActiveCfg = Release|Any CPU
		{8BC9CEB3-8B4A-11D0-8D11-00A0C91BC942}.Release|Any CPU.Build.0 = Release|Any CPU

		{8BC9CEB4-8B4A-11D0-8D11-00A0C91BC942}.Debug|Any CPU.ActiveCfg = Debug|Any CPU
		{8BC9CEB4-8B4A-11D0-8D11-00A0C91BC942}.Debug|Any CPU.Build.0 = Debug|Any CPU
		{8BC9CEB4-8B4A-11D0-8D11-00A0C91BC942}.Release|Any CPU.ActiveCfg = Release|Any CPU
		{8BC9CEB4-8B4A-11D0-8D11-00A0C91BC942}.Release|Any CPU.Build.0 = Release|Any CPU

		{8BC9CEB5-8B4A-11D0-8D11-00A0C91BC942}.Debug|Any CPU.ActiveCfg = Debug|Any CPU
		{8BC9CEB5-8B4A-11D0-8D11-00A0C91BC942}.Debug|Any CPU.Build.0 = Debug|Any CPU
		{8BC9CEB5-8B4A-11D0-8D11-00A0C91BC942}.Release|Any CPU.ActiveCfg = Release|Any CPU
		{8BC9CEB5-8B4A-11D0-8D11-00A0C91BC942}.Release|Any CPU.Build.0 = Release|Any CPU

		{8BC9CEB6-8B4A-11D0-8D11-00A0C91BC942}.Debug|Any CPU.ActiveCfg = Debug|Any CPU
		{8BC9CEB6-8B4A-11D0-8D11-00A0C91BC942}.Debug|Any CPU.Build.0 = Debug|Any CPU
		{8BC9CEB6-8B4A-11D0-8D11-00A0C91BC942}.Release|Any CPU.ActiveCfg = Release|Any CPU
		{8BC9CEB6-8B4A-11D0-8D11-00A0C91BC942}.Release|Any CPU.Build.0 = Release|Any CPU

		{8BC9CEB7-8B4A-11D0-8D11-00A0C91BC942}.Debug|Any CPU.ActiveCfg = Debug|Any CPU
		{8BC9CEB7-8B4A-11D0-8D11-00A0C91BC942}.Debug|Any CPU.Build.0 = Debug|Any CPU
		{8BC9CEB7-8B4A-11D0-8D11-00A0C91BC942}.Release|Any CPU.ActiveCfg = Release|Any CPU
		{8BC9CEB7-8B4A-11D0-8D11-00A0C91BC942}.Release|Any CPU.Build.0 = Release|Any CPU
	EndGlobalSection

	GlobalSection(NestedProjects) = preSolution
		{8BC9CEB1-8B4A-11D0-8D11-00A0C91BC942} = {8BC9CEB8-8B4A-11D0-8D11-00A0C91BC942}
		{8BC9CEB2-8B4A-11D0-8D11-00A0C91BC942} = {8BC9CEB8-8B4A-11D0-8D11-00A0C91BC942}
		{8BC9CEB3-8B4A-11D0-8D11-00A0C91BC942} = {8BC9CEB8-8B4A-11D0-8D11-00A0C91BC942}
		{8BC9CEB4-8B4A-11D0-8D11-00A0C91BC942} = {8BC9CEB8-8B4A-11D0-8D11-00A0C91BC942}
		{8BC9CEB5-8B4A-11D0-8D11-00A0C91BC942} = {8BC9CEB8-8B4A-11D0-8D11-00A0C91BC942}
		{8BC9CEB6-8B4A-11D0-8D11-00A0C91BC942} = {8BC9CEB9-8B4A-11D0-8D11-00A0C91BC942}
		{8BC9CEB7-8B4A-11D0-8D11-00A0C91BC942} = {8BC9CEB9-8B4A-11D0-8D11-00A0C91BC942}
	EndGlobalSection
EndGlobal
